
Microsoft Visual Studio Solution File, Format Version 12.00
# Visual Studio Version 17
VisualStudioVersion = 17.7.34031.279
MinimumVisualStudioVersion = 10.0.40219.1
Project("{8BC9CEB8-8B4A-11D0-8D11-00A0C91BC942}") = "argentum_compressor", "argentum_compressor.vcxproj", "{776EE3EA-0F91-48B6-8A0F-959D7A038CBA}"
EndProject
Global
	GlobalSection(SolutionConfigurationPlatforms) = preSolution
		Debug|x64 = Debug|x64
		Debug|x86 = Debug|x86
		Release|x64 = Release|x64
		Release|x86 = Release|x86
	EndGlobalSection
	GlobalSection(ProjectConfigurationPlatforms) = postSolution
		{776EE3EA-0F91-48B6-8A0F-959D7A038CBA}.Debug|x64.ActiveCfg = Debug|x64
		{776EE3EA-0F91-48B6-8A0F-959D7A038CBA}.Debug|x64.Build.0 = Debug|x64
		{776EE3EA-0F91-48B6-8A0F-959D7A038CBA}.Debug|x86.ActiveCfg = Debug|Win32
		{776EE3EA-0F91-48B6-8A0F-959D7A038CBA}.Debug|x86.Build.0 = Debug|Win32
		{776EE3EA-0F91-48B6-8A0F-959D7A038CBA}.Release|x64.ActiveCfg = Release|x64
		{776EE3EA-0F91-48B6-8A0F-959D7A038CBA}.Release|x64.Build.0 = Release|x64
		{776EE3EA-0F91-48B6-8A0F-959D7A038CBA}.Release|x86.ActiveCfg = Release|Win32
		{776EE3EA-0F91-48B6-8A0F-959D7A038CBA}.Release|x86.Build.0 = Release|Win32
	EndGlobalSection
	GlobalSection(SolutionProperties) = preSolution
		HideSolutionNode = FALSE
	EndGlobalSection
	GlobalSection(ExtensibilityGlobals) = postSolution
		SolutionGuid = {6D0268BE-3B5C-46BB-977C-629E25344158}
	EndGlobalSection
EndGlobal
